
Microsoft Visual Studio Solution File, Format Version 12.00
# Visual Studio Version 17
VisualStudioVersion = 17.7.34018.315
MinimumVisualStudioVersion = 10.0.40219.1
Project("{FAE04EC0-301F-11D3-BF4B-00C04F79EFBC}") = "Web_MVC", "Web_MVC\Web_MVC.csproj", "{51F5C403-4E8F-4239-A0CA-27673B9730E8}"
EndProject
Global
	GlobalSection(SolutionConfigurationPlatforms) = preSolution
		Debug|Any CPU = Debug|Any CPU
		Release|Any CPU = Release|Any CPU
	EndGlobalSection
	GlobalSection(ProjectConfigurationPlatforms) = postSolution
		{51F5C403-4E8F-4239-A0CA-27673B9730E8}.Debug|Any CPU.ActiveCfg = Debug|Any CPU
		{51F5C403-4E8F-4239-A0CA-27673B9730E8}.Debug|Any CPU.Build.0 = Debug|Any CPU
		{51F5C403-4E8F-4239-A0CA-27673B9730E8}.Release|Any CPU.ActiveCfg = Release|Any CPU
		{51F5C403-4E8F-4239-A0CA-27673B9730E8}.Release|Any CPU.Build.0 = Release|Any CPU
	EndGlobalSection
	GlobalSection(SolutionProperties) = preSolution
		HideSolutionNode = FALSE
	EndGlobalSection
	GlobalSection(ExtensibilityGlobals) = postSolution
		SolutionGuid = {59A656BC-A024-4D96-8F42-DAE3BC491811}
	EndGlobalSection
EndGlobal
